# THIS IS AN AUTOGENERATED FILE. DO NOT EDIT THIS FILE DIRECTLY.
# yarn lockfile v1


oauth@*:
  version "0.9.15"
  resolved "https://registry.yarnpkg.com/oauth/-/oauth-0.9.15.tgz#bd1fefaf686c96b75475aed5196412ff60cfb9c1"
  integrity sha1-vR/vr2hslrdUda7VGWQS/2DPucE=

qs@5.2.0:
  version "5.2.0"
  resolved "https://registry.yarnpkg.com/qs/-/qs-5.2.0.tgz#a9f31142af468cb72b25b30136ba2456834916be"
  integrity sha1-qfMRQq9GjLcrJbMBNrokVoNJFr4=
